// !$*UTF8*$!
{
	archiveVersion = 1;
	classes = {
	};
	objectVersion = 55;
	objects = {

/* Begin PBXBuildFile section */
		D619465E295E5A000067546B /* MenuScreen.swift in Sources */ = {isa = PBXBuildFile; fileRef = D619465D295E5A000067546B /* MenuScreen.swift */; };
		D6194660295E5A350067546B /* CoursesApp.swift in Sources */ = {isa = PBXBuildFile; fileRef = D619465F295E5A350067546B /* CoursesApp.swift */; };
		D6194662295E5A750067546B /* CourseView.swift in Sources */ = {isa = PBXBuildFile; fileRef = D6194661295E5A750067546B /* CourseView.swift */; };
		D6194664295E5AAD0067546B /* ContentView.swift in Sources */ = {isa = PBXBuildFile; fileRef = D6194663295E5AAD0067546B /* ContentView.swift */; };
		D6194666295E5AD20067546B /* Class.swift in Sources */ = {isa = PBXBuildFile; fileRef = D6194665295E5AD20067546B /* Class.swift */; };
		D6194668295E5BE30067546B /* classes.csv in Resources */ = {isa = PBXBuildFile; fileRef = D6194667295E5BE30067546B /* classes.csv */; };
		D619466A295E5C8C0067546B /* subject_des - Sheet1.csv in Resources */ = {isa = PBXBuildFile; fileRef = D6194669295E5C8C0067546B /* subject_des - Sheet1.csv */; };
		D619466C295E5C900067546B /* teacher_des - Sheet1.csv in Resources */ = {isa = PBXBuildFile; fileRef = D619466B295E5C900067546B /* teacher_des - Sheet1.csv */; };
		D67E82D3295E647300925DC9 /* Assets.xcassets in Resources */ = {isa = PBXBuildFile; fileRef = D67E82D2295E647200925DC9 /* Assets.xcassets */; };
		D67E82D6295E647900925DC9 /* Preview Assets.xcassets in Resources */ = {isa = PBXBuildFile; fileRef = D67E82D5295E647800925DC9 /* Preview Assets.xcassets */; };
		D6D1EF7529EB905700AD7BC5 /* CourseDes.swift in Sources */ = {isa = PBXBuildFile; fileRef = D6D1EF7429EB905700AD7BC5 /* CourseDes.swift */; };
		D6D1EF7729EB92AA00AD7BC5 /* TeacherDes.swift in Sources */ = {isa = PBXBuildFile; fileRef = D6D1EF7629EB92AA00AD7BC5 /* TeacherDes.swift */; };
/* End PBXBuildFile section */

/* Begin PBXFileReference section */
		D619464C295E59350067546B /* Course.app */ = {isa = PBXFileReference; explicitFileType = wrapper.application; includeInIndex = 0; path = Course.app; sourceTree = BUILT_PRODUCTS_DIR; };
		D619465D295E5A000067546B /* MenuScreen.swift */ = {isa = PBXFileReference; lastKnownFileType = sourcecode.swift; path = MenuScreen.swift; sourceTree = "<group>"; };
		D619465F295E5A350067546B /* CoursesApp.swift */ = {isa = PBXFileReference; lastKnownFileType = sourcecode.swift; path = CoursesApp.swift; sourceTree = "<group>"; };
		D6194661295E5A750067546B /* CourseView.swift */ = {isa = PBXFileReference; lastKnownFileType = sourcecode.swift; path = CourseView.swift; sourceTree = "<group>"; };
		D6194663295E5AAD0067546B /* ContentView.swift */ = {isa = PBXFileReference; lastKnownFileType = sourcecode.swift; path = ContentView.swift; sourceTree = "<group>"; };
		D6194665295E5AD20067546B /* Class.swift */ = {isa = PBXFileReference; lastKnownFileType = sourcecode.swift; path = Class.swift; sourceTree = "<group>"; };
		D6194667295E5BE30067546B /* classes.csv */ = {isa = PBXFileReference; fileEncoding = 4; lastKnownFileType = text; path = classes.csv; sourceTree = "<group>"; };
		D6194669295E5C8C0067546B /* subject_des - Sheet1.csv */ = {isa = PBXFileReference; fileEncoding = 4; lastKnownFileType = text; path = "subject_des - Sheet1.csv"; sourceTree = "<group>"; };
		D619466B295E5C900067546B /* teacher_des - Sheet1.csv */ = {isa = PBXFileReference; fileEncoding = 4; lastKnownFileType = text; path = "teacher_des - Sheet1.csv"; sourceTree = "<group>"; };
		D6621921295E6C0F0051D7F3 /* Course.entitlements */ = {isa = PBXFileReference; lastKnownFileType = text.plist.entitlements; path = Course.entitlements; sourceTree = "<group>"; };
		D67E82D2295E647200925DC9 /* Assets.xcassets */ = {isa = PBXFileReference; lastKnownFileType = folder.assetcatalog; path = Assets.xcassets; sourceTree = "<group>"; };
		D67E82D5295E647800925DC9 /* Preview Assets.xcassets */ = {isa = PBXFileReference; lastKnownFileType = folder.assetcatalog; path = "Preview Assets.xcassets"; sourceTree = "<group>"; };
		D6D1EF7429EB905700AD7BC5 /* CourseDes.swift */ = {isa = PBXFileReference; lastKnownFileType = sourcecode.swift; path = CourseDes.swift; sourceTree = "<group>"; };
		D6D1EF7629EB92AA00AD7BC5 /* TeacherDes.swift */ = {isa = PBXFileReference; lastKnownFileType = sourcecode.swift; path = TeacherDes.swift; sourceTree = "<group>"; };
/* End PBXFileReference section */

/* Begin PBXFrameworksBuildPhase section */
		D6194649295E59350067546B /* Frameworks */ = {
			isa = PBXFrameworksBuildPhase;
			buildActionMask = 2147483647;
			files = (
			);
			runOnlyForDeploymentPostprocessing = 0;
		};
/* End PBXFrameworksBuildPhase section */

/* Begin PBXGroup section */
		D6194643295E59350067546B = {
			isa = PBXGroup;
			children = (
				D619464E295E59350067546B /* Course */,
				D619464D295E59350067546B /* Products */,
			);
			sourceTree = "<group>";
		};
		D619464D295E59350067546B /* Products */ = {
			isa = PBXGroup;
			children = (
				D619464C295E59350067546B /* Course.app */,
			);
			name = Products;
			sourceTree = "<group>";
		};
		D619464E295E59350067546B /* Course */ = {
			isa = PBXGroup;
			children = (
				D6621921295E6C0F0051D7F3 /* Course.entitlements */,
				D67E82D2295E647200925DC9 /* Assets.xcassets */,
				D67E82D4295E647800925DC9 /* Preview Content */,
				D619465D295E5A000067546B /* MenuScreen.swift */,
				D619465F295E5A350067546B /* CoursesApp.swift */,
				D6194661295E5A750067546B /* CourseView.swift */,
				D6D1EF7629EB92AA00AD7BC5 /* TeacherDes.swift */,
				D6D1EF7429EB905700AD7BC5 /* CourseDes.swift */,
				D6194663295E5AAD0067546B /* ContentView.swift */,
				D6194665295E5AD20067546B /* Class.swift */,
				D6194667295E5BE30067546B /* classes.csv */,
				D6194669295E5C8C0067546B /* subject_des - Sheet1.csv */,
				D619466B295E5C900067546B /* teacher_des - Sheet1.csv */,
			);
			path = Course;
			sourceTree = "<group>";
		};
		D67E82D4295E647800925DC9 /* Preview Content */ = {
			isa = PBXGroup;
			children = (
				D67E82D5295E647800925DC9 /* Preview Assets.xcassets */,
			);
			path = "Preview Content";
			sourceTree = "<group>";
		};
/* End PBXGroup section */

/* Begin PBXNativeTarget section */
		D619464B295E59350067546B /* Course */ = {
			isa = PBXNativeTarget;
			buildConfigurationList = D619465A295E593A0067546B /* Build configuration list for PBXNativeTarget "Course" */;
			buildPhases = (
				D6194648295E59350067546B /* Sources */,
				D6194649295E59350067546B /* Frameworks */,
				D619464A295E59350067546B /* Resources */,
			);
			buildRules = (
			);
			dependencies = (
			);
			name = Course;
			productName = Course;
			productReference = D619464C295E59350067546B /* Course.app */;
			productType = "com.apple.product-type.application";
		};
/* End PBXNativeTarget section */

/* Begin PBXProject section */
		D6194644295E59350067546B /* Project object */ = {
			isa = PBXProject;
			attributes = {
				BuildIndependentTargetsInParallel = 1;
				LastSwiftUpdateCheck = 1340;
				LastUpgradeCheck = 1340;
				TargetAttributes = {
					D619464B295E59350067546B = {
						CreatedOnToolsVersion = 13.4.1;
						LastSwiftMigration = 1340;
					};
				};
			};
			buildConfigurationList = D6194647295E59350067546B /* Build configuration list for PBXProject "Course" */;
			compatibilityVersion = "Xcode 13.0";
			developmentRegion = en;
			hasScannedForEncodings = 0;
			knownRegions = (
				en,
				Base,
			);
			mainGroup = D6194643295E59350067546B;
			productRefGroup = D619464D295E59350067546B /* Products */;
			projectDirPath = "";
			projectRoot = "";
			targets = (
				D619464B295E59350067546B /* Course */,
			);
		};
/* End PBXProject section */

/* Begin PBXResourcesBuildPhase section */
		D619464A295E59350067546B /* Resources */ = {
			isa = PBXResourcesBuildPhase;
			buildActionMask = 2147483647;
			files = (
				D619466C295E5C900067546B /* teacher_des - Sheet1.csv in Resources */,
				D619466A295E5C8C0067546B /* subject_des - Sheet1.csv in Resources */,
				D67E82D6295E647900925DC9 /* Preview Assets.xcassets in Resources */,
				D67E82D3295E647300925DC9 /* Assets.xcassets in Resources */,
				D6194668295E5BE30067546B /* classes.csv in Resources */,
			);
			runOnlyForDeploymentPostprocessing = 0;
		};
/* End PBXResourcesBuildPhase section */

/* Begin PBXSourcesBuildPhase section */
		D6194648295E59350067546B /* Sources */ = {
			isa = PBXSourcesBuildPhase;
			buildActionMask = 2147483647;
			files = (
				D6194660295E5A350067546B /* CoursesApp.swift in Sources */,
				D619465E295E5A000067546B /* MenuScreen.swift in Sources */,
				D6194664295E5AAD0067546B /* ContentView.swift in Sources */,
				D6D1EF7529EB905700AD7BC5 /* CourseDes.swift in Sources */,
				D6D1EF7729EB92AA00AD7BC5 /* TeacherDes.swift in Sources */,
				D6194666295E5AD20067546B /* Class.swift in Sources */,
				D6194662295E5A750067546B /* CourseView.swift in Sources */,
			);
			runOnlyForDeploymentPostprocessing = 0;
		};
/* End PBXSourcesBuildPhase section */

/* Begin XCBuildConfiguration section */
		D6194658295E593A0067546B /* Debug */ = {
			isa = XCBuildConfiguration;
			buildSettings = {
				ALWAYS_SEARCH_USER_PATHS = NO;
				CLANG_ANALYZER_NONNULL = YES;
				CLANG_ANALYZER_NUMBER_OBJECT_CONVERSION = YES_AGGRESSIVE;
				CLANG_CXX_LANGUAGE_STANDARD = "gnu++17";
				CLANG_ENABLE_MODULES = YES;
				CLANG_ENABLE_OBJC_ARC = YES;
				CLANG_ENABLE_OBJC_WEAK = YES;
				CLANG_WARN_BLOCK_CAPTURE_AUTORELEASING = YES;
				CLANG_WARN_BOOL_CONVERSION = YES;
				CLANG_WARN_COMMA = YES;
				CLANG_WARN_CONSTANT_CONVERSION = YES;
				CLANG_WARN_DEPRECATED_OBJC_IMPLEMENTATIONS = YES;
				CLANG_WARN_DIRECT_OBJC_ISA_USAGE = YES_ERROR;
				CLANG_WARN_DOCUMENTATION_COMMENTS = YES;
				CLANG_WARN_EMPTY_BODY = YES;
				CLANG_WARN_ENUM_CONVERSION = YES;
				CLANG_WARN_INFINITE_RECURSION = YES;
				CLANG_WARN_INT_CONVERSION = YES;
				CLANG_WARN_NON_LITERAL_NULL_CONVERSION = YES;
				CLANG_WARN_OBJC_IMPLICIT_RETAIN_SELF = YES;
				CLANG_WARN_OBJC_LITERAL_CONVERSION = YES;
				CLANG_WARN_OBJC_ROOT_CLASS = YES_ERROR;
				CLANG_WARN_QUOTED_INCLUDE_IN_FRAMEWORK_HEADER = YES;
				CLANG_WARN_RANGE_LOOP_ANALYSIS = YES;
				CLANG_WARN_STRICT_PROTOTYPES = YES;
				CLANG_WARN_SUSPICIOUS_MOVE = YES;
				CLANG_WARN_UNGUARDED_AVAILABILITY = YES_AGGRESSIVE;
				CLANG_WARN_UNREACHABLE_CODE = YES;
				CLANG_WARN__DUPLICATE_METHOD_MATCH = YES;
				COPY_PHASE_STRIP = NO;
				DEBUG_INFORMATION_FORMAT = dwarf;
				ENABLE_STRICT_OBJC_MSGSEND = YES;
				ENABLE_TESTABILITY = YES;
				GCC_C_LANGUAGE_STANDARD = gnu11;
				GCC_DYNAMIC_NO_PIC = NO;
				GCC_NO_COMMON_BLOCKS = YES;
				GCC_OPTIMIZATION_LEVEL = 0;
				GCC_PREPROCESSOR_DEFINITIONS = (
					"DEBUG=1",
					"$(inherited)",
				);
				GCC_WARN_64_TO_32_BIT_CONVERSION = YES;
				GCC_WARN_ABOUT_RETURN_TYPE = YES_ERROR;
				GCC_WARN_UNDECLARED_SELECTOR = YES;
				GCC_WARN_UNINITIALIZED_AUTOS = YES_AGGRESSIVE;
				GCC_WARN_UNUSED_FUNCTION = YES;
				GCC_WARN_UNUSED_VARIABLE = YES;
				IPHONEOS_DEPLOYMENT_TARGET = 15.5;
				MTL_ENABLE_DEBUG_INFO = INCLUDE_SOURCE;
				MTL_FAST_MATH = YES;
				ONLY_ACTIVE_ARCH = YES;
				SDKROOT = iphoneos;
				SWIFT_ACTIVE_COMPILATION_CONDITIONS = DEBUG;
				SWIFT_OPTIMIZATION_LEVEL = "-Onone";
			};
			name = Debug;
		};
		D6194659295E593A0067546B /* Release */ = {
			isa = XCBuildConfiguration;
			buildSettings = {
				ALWAYS_SEARCH_USER_PATHS = NO;
				CLANG_ANALYZER_NONNULL = YES;
				CLANG_ANALYZER_NUMBER_OBJECT_CONVERSION = YES_AGGRESSIVE;
				CLANG_CXX_LANGUAGE_STANDARD = "gnu++17";
				CLANG_ENABLE_MODULES = YES;
				CLANG_ENABLE_OBJC_ARC = YES;
				CLANG_ENABLE_OBJC_WEAK = YES;
				CLANG_WARN_BLOCK_CAPTURE_AUTORELEASING = YES;
				CLANG_WARN_BOOL_CONVERSION = YES;
				CLANG_WARN_COMMA = YES;
				CLANG_WARN_CONSTANT_CONVERSION = YES;
				CLANG_WARN_DEPRECATED_OBJC_IMPLEMENTATIONS = YES;
				CLANG_WARN_DIRECT_OBJC_ISA_USAGE = YES_ERROR;
				CLANG_WARN_DOCUMENTATION_COMMENTS = YES;
				CLANG_WARN_EMPTY_BODY = YES;
				CLANG_WARN_ENUM_CONVERSION = YES;
				CLANG_WARN_INFINITE_RECURSION = YES;
				CLANG_WARN_INT_CONVERSION = YES;
				CLANG_WARN_NON_LITERAL_NULL_CONVERSION = YES;
				CLANG_WARN_OBJC_IMPLICIT_RETAIN_SELF = YES;
				CLANG_WARN_OBJC_LITERAL_CONVERSION = YES;
				CLANG_WARN_OBJC_ROOT_CLASS = YES_ERROR;
				CLANG_WARN_QUOTED_INCLUDE_IN_FRAMEWORK_HEADER = YES;
				CLANG_WARN_RANGE_LOOP_ANALYSIS = YES;
				CLANG_WARN_STRICT_PROTOTYPES = YES;
				CLANG_WARN_SUSPICIOUS_MOVE = YES;
				CLANG_WARN_UNGUARDED_AVAILABILITY = YES_AGGRESSIVE;
				CLANG_WARN_UNREACHABLE_CODE = YES;
				CLANG_WARN__DUPLICATE_METHOD_MATCH = YES;
				COPY_PHASE_STRIP = NO;
				DEBUG_INFORMATION_FORMAT = "dwarf-with-dsym";
				ENABLE_NS_ASSERTIONS = NO;
				ENABLE_STRICT_OBJC_MSGSEND = YES;
				GCC_C_LANGUAGE_STANDARD = gnu11;
				GCC_NO_COMMON_BLOCKS = YES;
				GCC_WARN_64_TO_32_BIT_CONVERSION = YES;
				GCC_WARN_ABOUT_RETURN_TYPE = YES_ERROR;
				GCC_WARN_UNDECLARED_SELECTOR = YES;
				GCC_WARN_UNINITIALIZED_AUTOS = YES_AGGRESSIVE;
				GCC_WARN_UNUSED_FUNCTION = YES;
				GCC_WARN_UNUSED_VARIABLE = YES;
				IPHONEOS_DEPLOYMENT_TARGET = 15.5;
				MTL_ENABLE_DEBUG_INFO = NO;
				MTL_FAST_MATH = YES;
				SDKROOT = iphoneos;
				SWIFT_COMPILATION_MODE = wholemodule;
				SWIFT_OPTIMIZATION_LEVEL = "-O";
				VALIDATE_PRODUCT = YES;
			};
			name = Release;
		};
		D619465B295E593A0067546B /* Debug */ = {
			isa = XCBuildConfiguration;
			buildSettings = {
				ASSETCATALOG_COMPILER_APPICON_NAME = AppIcon;
				ASSETCATALOG_COMPILER_GLOBAL_ACCENT_COLOR_NAME = AccentColor;
				CLANG_ENABLE_MODULES = YES;
				CODE_SIGN_ENTITLEMENTS = Course/Course.entitlements;
				CODE_SIGN_IDENTITY = "Apple Development";
				"CODE_SIGN_IDENTITY[sdk=macosx*]" = "Apple Development";
				CODE_SIGN_STYLE = Automatic;
				CURRENT_PROJECT_VERSION = 1;
				DEVELOPMENT_ASSET_PATHS = "\"Course/Preview Content\"";
				DEVELOPMENT_TEAM = HM3XL7ATGP;
				ENABLE_PREVIEWS = YES;
				GENERATE_INFOPLIST_FILE = YES;
				INFOPLIST_KEY_CFBundleDisplayName = "99 EduHub";
				INFOPLIST_KEY_UIApplicationSceneManifest_Generation = YES;
				INFOPLIST_KEY_UIApplicationSupportsIndirectInputEvents = YES;
				INFOPLIST_KEY_UILaunchScreen_Generation = YES;
				INFOPLIST_KEY_UIRequiresFullScreen = NO;
				INFOPLIST_KEY_UIStatusBarStyle = "";
				INFOPLIST_KEY_UISupportedInterfaceOrientations = "UIInterfaceOrientationLandscapeLeft UIInterfaceOrientationLandscapeRight UIInterfaceOrientationPortrait";
				INFOPLIST_KEY_UISupportedInterfaceOrientations_iPad = "UIInterfaceOrientationLandscapeLeft UIInterfaceOrientationLandscapeRight UIInterfaceOrientationPortrait UIInterfaceOrientationPortraitUpsideDown";
				IPHONEOS_DEPLOYMENT_TARGET = 16.2;
				LD_RUNPATH_SEARCH_PATHS = (
					"$(inherited)",
					"@executable_path/Frameworks",
				);
				MARKETING_VERSION = 1.1;
				PRODUCT_BUNDLE_IDENTIFIER = Weihang.Course;
				PRODUCT_NAME = "$(TARGET_NAME)";
				PROVISIONING_PROFILE_SPECIFIER = "";
				"PROVISIONING_PROFILE_SPECIFIER[sdk=macosx*]" = "";
				SUPPORTS_MACCATALYST = NO;
				SWIFT_EMIT_LOC_STRINGS = YES;
				SWIFT_OPTIMIZATION_LEVEL = "-Onone";
				SWIFT_VERSION = 5.0;
				TARGETED_DEVICE_FAMILY = "1,2";
			};
			name = Debug;
		};
		D619465C295E593A0067546B /* Release */ = {
			isa = XCBuildConfiguration;
			buildSettings = {
				ASSETCATALOG_COMPILER_APPICON_NAME = AppIcon;
				ASSETCATALOG_COMPILER_GLOBAL_ACCENT_COLOR_NAME = AccentColor;
				CLANG_ENABLE_MODULES = YES;
				CODE_SIGN_ENTITLEMENTS = Course/Course.entitlements;
				CODE_SIGN_IDENTITY = "Apple Development";
				"CODE_SIGN_IDENTITY[sdk=macosx*]" = "-";
				CODE_SIGN_STYLE = Automatic;
				CURRENT_PROJECT_VERSION = 1;
				DEVELOPMENT_ASSET_PATHS = "\"Course/Preview Content\"";
				DEVELOPMENT_TEAM = HM3XL7ATGP;
				ENABLE_PREVIEWS = YES;
				GENERATE_INFOPLIST_FILE = YES;
				INFOPLIST_KEY_CFBundleDisplayName = "99 EduHub";
				INFOPLIST_KEY_UIApplicationSceneManifest_Generation = YES;
				INFOPLIST_KEY_UIApplicationSupportsIndirectInputEvents = YES;
				INFOPLIST_KEY_UILaunchScreen_Generation = YES;
				INFOPLIST_KEY_UIRequiresFullScreen = NO;
				INFOPLIST_KEY_UIStatusBarStyle = "";
				INFOPLIST_KEY_UISupportedInterfaceOrientations = "UIInterfaceOrientationLandscapeLeft UIInterfaceOrientationLandscapeRight UIInterfaceOrientationPortrait";
				INFOPLIST_KEY_UISupportedInterfaceOrientations_iPad = "UIInterfaceOrientationLandscapeLeft UIInterfaceOrientationLandscapeRight UIInterfaceOrientationPortrait UIInterfaceOrientationPortraitUpsideDown";
				IPHONEOS_DEPLOYMENT_TARGET = 16.2;
				LD_RUNPATH_SEARCH_PATHS = (
					"$(inherited)",
					"@executable_path/Frameworks",
				);
				MARKETING_VERSION = 1.1;
				PRODUCT_BUNDLE_IDENTIFIER = Weihang.Course;
				"PRODUCT_BUNDLE_IDENTIFIER[sdk=macosx*]" = BundleIdentifier;
				PRODUCT_NAME = "$(TARGET_NAME)";
				PROVISIONING_PROFILE_SPECIFIER = "";
				SUPPORTS_MACCATALYST = NO;
				SWIFT_EMIT_LOC_STRINGS = YES;
				SWIFT_VERSION = 5.0;
				TARGETED_DEVICE_FAMILY = "1,2";
			};
			name = Release;
		};
/* End XCBuildConfiguration section */

/* Begin XCConfigurationList section */
		D6194647295E59350067546B /* Build configuration list for PBXProject "Course" */ = {
			isa = XCConfigurationList;
			buildConfigurations = (
				D6194658295E593A0067546B /* Debug */,
				D6194659295E593A0067546B /* Release */,
			);
			defaultConfigurationIsVisible = 0;
			defaultConfigurationName = Release;
		};
		D619465A295E593A0067546B /* Build configuration list for PBXNativeTarget "Course" */ = {
			isa = XCConfigurationList;
			buildConfigurations = (
				D619465B295E593A0067546B /* Debug */,
				D619465C295E593A0067546B /* Release */,
			);
			defaultConfigurationIsVisible = 0;
			defaultConfigurationName = Release;
		};
/* End XCConfigurationList section */
	};
	rootObject = D6194644295E59350067546B /* Project object */;
}
